{
  "name": "node-cli-plus",
  "version": "1.0.0",
  "lockfileVersion": 2,
  "requires": true,
  "packages": {
    "": {
      "name": "node-cli-plus",
      "version": "1.0.0",
      "license": "MIT",
      "dependencies": {
        "@andfaulkner/repl.history": "^0.2.0"
      }
    },
    "node_modules/@andfaulkner/repl.history": {
      "version": "0.2.0",
      "resolved": "https://registry.npmjs.org/@andfaulkner/repl.history/-/repl.history-0.2.0.tgz",
      "integrity": "sha512-Q1guQTHpFJF3FU9wIaIbliOVZb4jfU6qXRpsrRN8RmUd+MtyuOJmDM3ZpWB4ZL3ZxD9CRhXeKqvCv3XtbdV9bw==",
      "bin": {
        "repl.history": "bin/repl.history"
      }
    }
  },
  "dependencies": {
    "@andfaulkner/repl.history": {
      "version": "0.2.0",
      "resolved": "https://registry.npmjs.org/@andfaulkner/repl.history/-/repl.history-0.2.0.tgz",
      "integrity": "sha512-Q1guQTHpFJF3FU9wIaIbliOVZb4jfU6qXRpsrRN8RmUd+MtyuOJmDM3ZpWB4ZL3ZxD9CRhXeKqvCv3XtbdV9bw=="
    }
  }
}
